
Microsoft Visual Studio Solution File, Format Version 12.00
# Visual Studio 15
VisualStudioVersion = 15.0.27130.2010
MinimumVisualStudioVersion = 10.0.40219.1
Project("{FAE04EC0-301F-11D3-BF4B-00C04F79EFBC}") = "Vidly", "Vidly\Vidly.csproj", "{78ED214F-2A90-417A-B6B5-CC6F90D760B4}"
EndProject
Global
	GlobalSection(SolutionConfigurationPlatforms) = preSolution
		Debug|Any CPU = Debug|Any CPU
		Release|Any CPU = Release|Any CPU
	EndGlobalSection
	GlobalSection(ProjectConfigurationPlatforms) = postSolution
		{78ED214F-2A90-417A-B6B5-CC6F90D760B4}.Debug|Any CPU.ActiveCfg = Debug|Any CPU
		{78ED214F-2A90-417A-B6B5-CC6F90D760B4}.Debug|Any CPU.Build.0 = Debug|Any CPU
		{78ED214F-2A90-417A-B6B5-CC6F90D760B4}.Release|Any CPU.ActiveCfg = Release|Any CPU
		{78ED214F-2A90-417A-B6B5-CC6F90D760B4}.Release|Any CPU.Build.0 = Release|Any CPU
	EndGlobalSection
	GlobalSection(SolutionProperties) = preSolution
		HideSolutionNode = FALSE
	EndGlobalSection
	GlobalSection(ExtensibilityGlobals) = postSolution
		SolutionGuid = {1E9ADF24-7C9B-45B3-9C79-2D570F05AA41}
	EndGlobalSection
EndGlobal
